# This file is generated by running "yarn install" inside your project.
# Manual changes might be lost - proceed with caution!

__metadata:
  version: 8
  cacheKey: 10c0

"@iiskills/admin@workspace:apps/admin":
  version: 0.0.0-use.local
  resolution: "@iiskills/admin@workspace:apps/admin"
  dependencies:
    "@iiskills/ui": "npm:*"
    next: "npm:^13.5.6"
    react: "npm:^18.2.0"
    react-dom: "npm:^18.2.0"
  languageName: unknown
  linkType: soft

"@iiskills/content@npm:*, @iiskills/content@workspace:packages/content":
  version: 0.0.0-use.local
  resolution: "@iiskills/content@workspace:packages/content"
  dependencies:
    gray-matter: "npm:^4.0.3"
  languageName: unknown
  linkType: soft

"@iiskills/core@workspace:packages/core":
  version: 0.0.0-use.local
  resolution: "@iiskills/core@workspace:packages/core"
  languageName: unknown
  linkType: soft

"@iiskills/learn-physics@workspace:apps/learn-physics":
  version: 0.0.0-use.local
  resolution: "@iiskills/learn-physics@workspace:apps/learn-physics"
  dependencies:
    "@iiskills/content": "npm:*"
    "@iiskills/ui": "npm:*"
    next: "npm:^13.5.6"
    react: "npm:^18.2.0"
    react-dom: "npm:^18.2.0"
    react-markdown: "npm:^8.0.7"
  languageName: unknown
  linkType: soft

"@iiskills/ui@npm:*, @iiskills/ui@workspace:packages/ui":
  version: 0.0.0-use.local
  resolution: "@iiskills/ui@workspace:packages/ui"
  peerDependencies:
    next: ">=12"
    react: ">=17"
  languageName: unknown
  linkType: soft

"@iiskills/web@workspace:apps/web":
  version: 0.0.0-use.local
  resolution: "@iiskills/web@workspace:apps/web"
  dependencies:
    "@iiskills/ui": "npm:*"
    next: "npm:^13.5.6"
    react: "npm:^18.2.0"
    react-dom: "npm:^18.2.0"
  languageName: unknown
  linkType: soft

"@next/env@npm:13.5.11":
  version: 13.5.11
  resolution: "@next/env@npm:13.5.11"
  checksum: 10c0/5274248b8f53fe5ec330d55c771387645aaa85adf4de41b6e770e884d8bf1f5417509bbdc22edecd0e0882f5e6d5e6b8d1214a7471d5c1183ae3e6f0bfa359d3
  languageName: node
  linkType: hard

"@next/swc-darwin-arm64@npm:13.5.9":
  version: 13.5.9
  resolution: "@next/swc-darwin-arm64@npm:13.5.9"
  conditions: os=darwin & cpu=arm64
  languageName: node
  linkType: hard

"@next/swc-darwin-x64@npm:13.5.9":
  version: 13.5.9
  resolution: "@next/swc-darwin-x64@npm:13.5.9"
  conditions: os=darwin & cpu=x64
  languageName: node
  linkType: hard

"@next/swc-linux-arm64-gnu@npm:13.5.9":
  version: 13.5.9
  resolution: "@next/swc-linux-arm64-gnu@npm:13.5.9"
  conditions: os=linux & cpu=arm64 & libc=glibc
  languageName: node
  linkType: hard

"@next/swc-linux-arm64-musl@npm:13.5.9":
  version: 13.5.9
  resolution: "@next/swc-linux-arm64-musl@npm:13.5.9"
  conditions: os=linux & cpu=arm64 & libc=musl
  languageName: node
  linkType: hard

"@next/swc-linux-x64-gnu@npm:13.5.9":
  version: 13.5.9
  resolution: "@next/swc-linux-x64-gnu@npm:13.5.9"
  conditions: os=linux & cpu=x64 & libc=glibc
  languageName: node
  linkType: hard

"@next/swc-linux-x64-musl@npm:13.5.9":
  version: 13.5.9
  resolution: "@next/swc-linux-x64-musl@npm:13.5.9"
  conditions: os=linux & cpu=x64 & libc=musl
  languageName: node
  linkType: hard

"@next/swc-win32-arm64-msvc@npm:13.5.9":
  version: 13.5.9
  resolution: "@next/swc-win32-arm64-msvc@npm:13.5.9"
  conditions: os=win32 & cpu=arm64
  languageName: node
  linkType: hard

"@next/swc-win32-ia32-msvc@npm:13.5.9":
  version: 13.5.9
  resolution: "@next/swc-win32-ia32-msvc@npm:13.5.9"
  conditions: os=win32 & cpu=ia32
  languageName: node
  linkType: hard

"@next/swc-win32-x64-msvc@npm:13.5.9":
  version: 13.5.9
  resolution: "@next/swc-win32-x64-msvc@npm:13.5.9"
  conditions: os=win32 & cpu=x64
  languageName: node
  linkType: hard

"@swc/helpers@npm:0.5.2":
  version: 0.5.2
  resolution: "@swc/helpers@npm:0.5.2"
  dependencies:
    tslib: "npm:^2.4.0"
  checksum: 10c0/b6fa49bcf6c00571d0eb7837b163f8609960d4d77538160585e27ed167361e9776bd6e5eb9646ffac2fb4d43c58df9ca50dab9d96ab097e6591bc82a75fd1164
  languageName: node
  linkType: hard

"@types/debug@npm:^4.0.0":
  version: 4.1.12
  resolution: "@types/debug@npm:4.1.12"
  dependencies:
    "@types/ms": "npm:*"
  checksum: 10c0/5dcd465edbb5a7f226e9a5efd1f399c6172407ef5840686b73e3608ce135eeca54ae8037dcd9f16bdb2768ac74925b820a8b9ecc588a58ca09eca6acabe33e2f
  languageName: node
  linkType: hard

"@types/hast@npm:^2.0.0":
  version: 2.3.10
  resolution: "@types/hast@npm:2.3.10"
  dependencies:
    "@types/unist": "npm:^2"
  checksum: 10c0/16daac35d032e656defe1f103f9c09c341a6dc553c7ec17b388274076fa26e904a71ea5ea41fd368a6d5f1e9e53be275c80af7942b9c466d8511d261c9529c7e
  languageName: node
  linkType: hard

"@types/mdast@npm:^3.0.0":
  version: 3.0.15
  resolution: "@types/mdast@npm:3.0.15"
  dependencies:
    "@types/unist": "npm:^2"
  checksum: 10c0/fcbf716c03d1ed5465deca60862e9691414f9c43597c288c7d2aefbe274552e1bbd7aeee91b88a02597e88a28c139c57863d0126fcf8416a95fdc681d054ee3d
  languageName: node
  linkType: hard

"@types/ms@npm:*":
  version: 2.1.0
  resolution: "@types/ms@npm:2.1.0"
  checksum: 10c0/5ce692ffe1549e1b827d99ef8ff71187457e0eb44adbae38fdf7b9a74bae8d20642ee963c14516db1d35fa2652e65f47680fdf679dcbde52bbfadd021f497225
  languageName: node
  linkType: hard

"@types/prop-types@npm:^15.0.0":
  version: 15.7.15
  resolution: "@types/prop-types@npm:15.7.15"
  checksum: 10c0/b59aad1ad19bf1733cf524fd4e618196c6c7690f48ee70a327eb450a42aab8e8a063fbe59ca0a5701aebe2d92d582292c0fb845ea57474f6a15f6994b0e260b2
  languageName: node
  linkType: hard

"@types/unist@npm:^2, @types/unist@npm:^2.0.0":
  version: 2.0.11
  resolution: "@types/unist@npm:2.0.11"
  checksum: 10c0/24dcdf25a168f453bb70298145eb043cfdbb82472db0bc0b56d6d51cd2e484b9ed8271d4ac93000a80da568f2402e9339723db262d0869e2bf13bc58e081768d
  languageName: node
  linkType: hard

"argparse@npm:^1.0.7":
  version: 1.0.10
  resolution: "argparse@npm:1.0.10"
  dependencies:
    sprintf-js: "npm:~1.0.2"
  checksum: 10c0/b2972c5c23c63df66bca144dbc65d180efa74f25f8fd9b7d9a0a6c88ae839db32df3d54770dcb6460cf840d232b60695d1a6b1053f599d84e73f7437087712de
  languageName: node
  linkType: hard

"bail@npm:^2.0.0":
  version: 2.0.2
  resolution: "bail@npm:2.0.2"
  checksum: 10c0/25cbea309ef6a1f56214187004e8f34014eb015713ea01fa5b9b7e9e776ca88d0fdffd64143ac42dc91966c915a4b7b683411b56e14929fad16153fc026ffb8b
  languageName: node
  linkType: hard

"busboy@npm:1.6.0":
  version: 1.6.0
  resolution: "busboy@npm:1.6.0"
  dependencies:
    streamsearch: "npm:^1.1.0"
  checksum: 10c0/fa7e836a2b82699b6e074393428b91ae579d4f9e21f5ac468e1b459a244341d722d2d22d10920cdd849743dbece6dca11d72de939fb75a7448825cf2babfba1f
  languageName: node
  linkType: hard

"caniuse-lite@npm:^1.0.30001406":
  version: 1.0.30001774
  resolution: "caniuse-lite@npm:1.0.30001774"
  checksum: 10c0/cc6a340a5421b9a67d8fa80889065ee27b2839ad62993571dded5296e18f02bbf685ce7094e93fe908cddc9fefdfad35d6c010b724cc3d22a6479b0d0b679f8c
  languageName: node
  linkType: hard

"character-entities@npm:^2.0.0":
  version: 2.0.2
  resolution: "character-entities@npm:2.0.2"
  checksum: 10c0/b0c645a45bcc90ff24f0e0140f4875a8436b8ef13b6bcd31ec02cfb2ca502b680362aa95386f7815bdc04b6464d48cf191210b3840d7c04241a149ede591a308
  languageName: node
  linkType: hard

"client-only@npm:0.0.1":
  version: 0.0.1
  resolution: "client-only@npm:0.0.1"
  checksum: 10c0/9d6cfd0c19e1c96a434605added99dff48482152af791ec4172fb912a71cff9027ff174efd8cdb2160cc7f377543e0537ffc462d4f279bc4701de3f2a3c4b358
  languageName: node
  linkType: hard

"comma-separated-tokens@npm:^2.0.0":
  version: 2.0.3
  resolution: "comma-separated-tokens@npm:2.0.3"
  checksum: 10c0/91f90f1aae320f1755d6957ef0b864fe4f54737f3313bd95e0802686ee2ca38bff1dd381964d00ae5db42912dd1f4ae5c2709644e82706ffc6f6842a813cdd67
  languageName: node
  linkType: hard

"debug@npm:^4.0.0":
  version: 4.4.3
  resolution: "debug@npm:4.4.3"
  dependencies:
    ms: "npm:^2.1.3"
  peerDependenciesMeta:
    supports-color:
      optional: true
  checksum: 10c0/d79136ec6c83ecbefd0f6a5593da6a9c91ec4d7ddc4b54c883d6e71ec9accb5f67a1a5e96d00a328196b5b5c86d365e98d8a3a70856aaf16b4e7b1985e67f5a6
  languageName: node
  linkType: hard

"decode-named-character-reference@npm:^1.0.0":
  version: 1.3.0
  resolution: "decode-named-character-reference@npm:1.3.0"
  dependencies:
    character-entities: "npm:^2.0.0"
  checksum: 10c0/787f4c87f3b82ea342aa7c2d7b1882b6fb9511bb77f72ae44dcaabea0470bacd1e9c6a0080ab886545019fa0cb3a7109573fad6b61a362844c3a0ac52b36e4bb
  languageName: node
  linkType: hard

"dequal@npm:^2.0.0":
  version: 2.0.3
  resolution: "dequal@npm:2.0.3"
  checksum: 10c0/f98860cdf58b64991ae10205137c0e97d384c3a4edc7f807603887b7c4b850af1224a33d88012009f150861cbee4fa2d322c4cc04b9313bee312e47f6ecaa888
  languageName: node
  linkType: hard

"diff@npm:^5.0.0":
  version: 5.2.2
  resolution: "diff@npm:5.2.2"
  checksum: 10c0/52da594c54e9033423da26984b1449ae6accd782d5afc4431c9a192a8507ddc83120fe8f925d7220b9da5b5963c7b6f5e46add3660a00cb36df7a13420a09d4b
  languageName: node
  linkType: hard

"esprima@npm:^4.0.0":
  version: 4.0.1
  resolution: "esprima@npm:4.0.1"
  bin:
    esparse: ./bin/esparse.js
    esvalidate: ./bin/esvalidate.js
  checksum: 10c0/ad4bab9ead0808cf56501750fd9d3fb276f6b105f987707d059005d57e182d18a7c9ec7f3a01794ebddcca676773e42ca48a32d67a250c9d35e009ca613caba3
  languageName: node
  linkType: hard

"extend-shallow@npm:^2.0.1":
  version: 2.0.1
  resolution: "extend-shallow@npm:2.0.1"
  dependencies:
    is-extendable: "npm:^0.1.0"
  checksum: 10c0/ee1cb0a18c9faddb42d791b2d64867bd6cfd0f3affb711782eb6e894dd193e2934a7f529426aac7c8ddb31ac5d38000a00aa2caf08aa3dfc3e1c8ff6ba340bd9
  languageName: node
  linkType: hard

"extend@npm:^3.0.0":
  version: 3.0.2
  resolution: "extend@npm:3.0.2"
  checksum: 10c0/73bf6e27406e80aa3e85b0d1c4fd987261e628064e170ca781125c0b635a3dabad5e05adbf07595ea0cf1e6c5396cacb214af933da7cbaf24fe75ff14818e8f9
  languageName: node
  linkType: hard

"glob-to-regexp@npm:^0.4.1":
  version: 0.4.1
  resolution: "glob-to-regexp@npm:0.4.1"
  checksum: 10c0/0486925072d7a916f052842772b61c3e86247f0a80cc0deb9b5a3e8a1a9faad5b04fb6f58986a09f34d3e96cd2a22a24b7e9882fb1cf904c31e9a310de96c429
  languageName: node
  linkType: hard

"graceful-fs@npm:^4.1.2":
  version: 4.2.11
  resolution: "graceful-fs@npm:4.2.11"
  checksum: 10c0/386d011a553e02bc594ac2ca0bd6d9e4c22d7fa8cfbfc448a6d148c59ea881b092db9dbe3547ae4b88e55f1b01f7c4a2ecc53b310c042793e63aa44cf6c257f2
  languageName: node
  linkType: hard

"gray-matter@npm:^4.0.3":
  version: 4.0.3
  resolution: "gray-matter@npm:4.0.3"
  dependencies:
    js-yaml: "npm:^3.13.1"
    kind-of: "npm:^6.0.2"
    section-matter: "npm:^1.0.0"
    strip-bom-string: "npm:^1.0.0"
  checksum: 10c0/e38489906dad4f162ca01e0dcbdbed96d1a53740cef446b9bf76d80bec66fa799af07776a18077aee642346c5e1365ed95e4c91854a12bf40ba0d4fb43a625a6
  languageName: node
  linkType: hard

"hast-util-whitespace@npm:^2.0.0":
  version: 2.0.1
  resolution: "hast-util-whitespace@npm:2.0.1"
  checksum: 10c0/dcf6ebab091c802ffa7bb3112305c7631c15adb6c07a258f5528aefbddf82b4e162c8310ef426c48dc1dc623982cc33920e6dde5a50015d307f2778dcf6c2487
  languageName: node
  linkType: hard

"iiskills-cloud@workspace:.":
  version: 0.0.0-use.local
  resolution: "iiskills-cloud@workspace:."
  dependencies:
    turbo: "npm:^1.13.4"
  languageName: unknown
  linkType: soft

"inline-style-parser@npm:0.1.1":
  version: 0.1.1
  resolution: "inline-style-parser@npm:0.1.1"
  checksum: 10c0/08832a533f51a1e17619f2eabf2f5ec5e956d6dcba1896351285c65df022c9420de61d73256e1dca8015a52abf96cc84ddc3b73b898b22de6589d3962b5e501b
  languageName: node
  linkType: hard

"is-buffer@npm:^2.0.0":
  version: 2.0.5
  resolution: "is-buffer@npm:2.0.5"
  checksum: 10c0/e603f6fced83cf94c53399cff3bda1a9f08e391b872b64a73793b0928be3e5f047f2bcece230edb7632eaea2acdbfcb56c23b33d8a20c820023b230f1485679a
  languageName: node
  linkType: hard

"is-extendable@npm:^0.1.0":
  version: 0.1.1
  resolution: "is-extendable@npm:0.1.1"
  checksum: 10c0/dd5ca3994a28e1740d1e25192e66eed128e0b2ff161a7ea348e87ae4f616554b486854de423877a2a2c171d5f7cd6e8093b91f54533bc88a59ee1c9838c43879
  languageName: node
  linkType: hard

"is-plain-obj@npm:^4.0.0":
  version: 4.1.0
  resolution: "is-plain-obj@npm:4.1.0"
  checksum: 10c0/32130d651d71d9564dc88ba7e6fda0e91a1010a3694648e9f4f47bb6080438140696d3e3e15c741411d712e47ac9edc1a8a9de1fe76f3487b0d90be06ac9975e
  languageName: node
  linkType: hard

"js-tokens@npm:^3.0.0 || ^4.0.0":
  version: 4.0.0
  resolution: "js-tokens@npm:4.0.0"
  checksum: 10c0/e248708d377aa058eacf2037b07ded847790e6de892bbad3dac0abba2e759cb9f121b00099a65195616badcb6eca8d14d975cb3e89eb1cfda644756402c8aeed
  languageName: node
  linkType: hard

"js-yaml@npm:^3.13.1":
  version: 3.14.2
  resolution: "js-yaml@npm:3.14.2"
  dependencies:
    argparse: "npm:^1.0.7"
    esprima: "npm:^4.0.0"
  bin:
    js-yaml: bin/js-yaml.js
  checksum: 10c0/3261f25912f5dd76605e5993d0a126c2b6c346311885d3c483706cd722efe34f697ea0331f654ce27c00a42b426e524518ec89d65ed02ea47df8ad26dcc8ce69
  languageName: node
  linkType: hard

"kind-of@npm:^6.0.0, kind-of@npm:^6.0.2":
  version: 6.0.3
  resolution: "kind-of@npm:6.0.3"
  checksum: 10c0/61cdff9623dabf3568b6445e93e31376bee1cdb93f8ba7033d86022c2a9b1791a1d9510e026e6465ebd701a6dd2f7b0808483ad8838341ac52f003f512e0b4c4
  languageName: node
  linkType: hard

"kleur@npm:^4.0.3":
  version: 4.1.5
  resolution: "kleur@npm:4.1.5"
  checksum: 10c0/e9de6cb49657b6fa70ba2d1448fd3d691a5c4370d8f7bbf1c2f64c24d461270f2117e1b0afe8cb3114f13bbd8e51de158c2a224953960331904e636a5e4c0f2a
  languageName: node
  linkType: hard

"loose-envify@npm:^1.1.0, loose-envify@npm:^1.4.0":
  version: 1.4.0
  resolution: "loose-envify@npm:1.4.0"
  dependencies:
    js-tokens: "npm:^3.0.0 || ^4.0.0"
  bin:
    loose-envify: cli.js
  checksum: 10c0/655d110220983c1a4b9c0c679a2e8016d4b67f6e9c7b5435ff5979ecdb20d0813f4dec0a08674fcbdd4846a3f07edbb50a36811fd37930b94aaa0d9daceb017e
  languageName: node
  linkType: hard

"mdast-util-definitions@npm:^5.0.0":
  version: 5.1.2
  resolution: "mdast-util-definitions@npm:5.1.2"
  dependencies:
    "@types/mdast": "npm:^3.0.0"
    "@types/unist": "npm:^2.0.0"
    unist-util-visit: "npm:^4.0.0"
  checksum: 10c0/da9049c15562e44ee4ea4a36113d98c6c9eaa3d8a17d6da2aef6a0626376dcd01d9ec007d77a8dfcad6d0cbd5c32a4abbad72a3f48c3172a55934c7d9a916480
  languageName: node
  linkType: hard

"mdast-util-from-markdown@npm:^1.0.0":
  version: 1.3.1
  resolution: "mdast-util-from-markdown@npm:1.3.1"
  dependencies:
    "@types/mdast": "npm:^3.0.0"
    "@types/unist": "npm:^2.0.0"
    decode-named-character-reference: "npm:^1.0.0"
    mdast-util-to-string: "npm:^3.1.0"
    micromark: "npm:^3.0.0"
    micromark-util-decode-numeric-character-reference: "npm:^1.0.0"
    micromark-util-decode-string: "npm:^1.0.0"
    micromark-util-normalize-identifier: "npm:^1.0.0"
    micromark-util-symbol: "npm:^1.0.0"
    micromark-util-types: "npm:^1.0.0"
    unist-util-stringify-position: "npm:^3.0.0"
    uvu: "npm:^0.5.0"
  checksum: 10c0/f4e901bf2a2e93fe35a339e0cff581efacce2f7117cd5652e9a270847bd7e2508b3e717b7b4156af54d4f896d63033e06ff9fafbf59a1d46fe17dd5e2a3f7846
  languageName: node
  linkType: hard

"mdast-util-to-hast@npm:^12.1.0":
  version: 12.3.0
  resolution: "mdast-util-to-hast@npm:12.3.0"
  dependencies:
    "@types/hast": "npm:^2.0.0"
    "@types/mdast": "npm:^3.0.0"
    mdast-util-definitions: "npm:^5.0.0"
    micromark-util-sanitize-uri: "npm:^1.1.0"
    trim-lines: "npm:^3.0.0"
    unist-util-generated: "npm:^2.0.0"
    unist-util-position: "npm:^4.0.0"
    unist-util-visit: "npm:^4.0.0"
  checksum: 10c0/0753e45bfcce423f7a13979ac720a23ed8d6bafed174c387f43bbe8baf3838f3a043cd8006975b71e5c4068b7948f83f1348acea79801101af31eaec4e7a499a
  languageName: node
  linkType: hard

"mdast-util-to-string@npm:^3.1.0":
  version: 3.2.0
  resolution: "mdast-util-to-string@npm:3.2.0"
  dependencies:
    "@types/mdast": "npm:^3.0.0"
  checksum: 10c0/112f4bf0f6758dcb95deffdcf37afba7eaecdfe2ee13252de031723094d4d55220e147326690a8b91244758e2d678e7aeb1fdd0fa6ef3317c979bc42effd9a21
  languageName: node
  linkType: hard

"micromark-core-commonmark@npm:^1.0.1":
  version: 1.1.0
  resolution: "micromark-core-commonmark@npm:1.1.0"
  dependencies:
    decode-named-character-reference: "npm:^1.0.0"
    micromark-factory-destination: "npm:^1.0.0"
    micromark-factory-label: "npm:^1.0.0"
    micromark-factory-space: "npm:^1.0.0"
    micromark-factory-title: "npm:^1.0.0"
    micromark-factory-whitespace: "npm:^1.0.0"
    micromark-util-character: "npm:^1.0.0"
    micromark-util-chunked: "npm:^1.0.0"
    micromark-util-classify-character: "npm:^1.0.0"
    micromark-util-html-tag-name: "npm:^1.0.0"
    micromark-util-normalize-identifier: "npm:^1.0.0"
    micromark-util-resolve-all: "npm:^1.0.0"
    micromark-util-subtokenize: "npm:^1.0.0"
    micromark-util-symbol: "npm:^1.0.0"
    micromark-util-types: "npm:^1.0.1"
    uvu: "npm:^0.5.0"
  checksum: 10c0/b3bf7b7004ce7dbb3ae151dcca4db1d12546f1b943affb2418da4b90b9ce59357373c433ee2eea4c868aee0791dafa355aeed19f5ef2b0acaf271f32f1ecbe6a
  languageName: node
  linkType: hard

"micromark-factory-destination@npm:^1.0.0":
  version: 1.1.0
  resolution: "micromark-factory-destination@npm:1.1.0"
  dependencies:
    micromark-util-character: "npm:^1.0.0"
    micromark-util-symbol: "npm:^1.0.0"
    micromark-util-types: "npm:^1.0.0"
  checksum: 10c0/71ebd9089bf0c9689b98ef42215c04032ae2701ae08c3546b663628553255dca18e5310dbdacddad3acd8de4f12a789835fff30dadc4da3c4e30387a75e6b488
  languageName: node
  linkType: hard

"micromark-factory-label@npm:^1.0.0":
  version: 1.1.0
  resolution: "micromark-factory-label@npm:1.1.0"
  dependencies:
    micromark-util-character: "npm:^1.0.0"
    micromark-util-symbol: "npm:^1.0.0"
    micromark-util-types: "npm:^1.0.0"
    uvu: "npm:^0.5.0"
  checksum: 10c0/5e2cd2d8214bb92a34dfcedf9c7aecf565e3648650a3a6a0495ededf15f2318dd214dc069e3026402792cd5839d395313f8ef9c2e86ca34a8facaa0f75a77753
  languageName: node
  linkType: hard

"micromark-factory-space@npm:^1.0.0":
  version: 1.1.0
  resolution: "micromark-factory-space@npm:1.1.0"
  dependencies:
    micromark-util-character: "npm:^1.0.0"
    micromark-util-types: "npm:^1.0.0"
  checksum: 10c0/3da81187ce003dd4178c7adc4674052fb8befc8f1a700ae4c8227755f38581a4ae963866dc4857488d62d1dc9837606c9f2f435fa1332f62a0f1c49b83c6a822
  languageName: node
  linkType: hard

"micromark-factory-title@npm:^1.0.0":
  version: 1.1.0
  resolution: "micromark-factory-title@npm:1.1.0"
  dependencies:
    micromark-factory-space: "npm:^1.0.0"
    micromark-util-character: "npm:^1.0.0"
    micromark-util-symbol: "npm:^1.0.0"
    micromark-util-types: "npm:^1.0.0"
  checksum: 10c0/cf8c687d1d5c3928846a4791d4a7e2f1d7bdd2397051e20d60f06b7565a48bf85198ab6f85735e997ab3f0cbb80b8b6391f4f7ebc0aae2f2f8c3a08541257bf6
  languageName: node
  linkType: hard

"micromark-factory-whitespace@npm:^1.0.0":
  version: 1.1.0
  resolution: "micromark-factory-whitespace@npm:1.1.0"
  dependencies:
    micromark-factory-space: "npm:^1.0.0"
    micromark-util-character: "npm:^1.0.0"
    micromark-util-symbol: "npm:^1.0.0"
    micromark-util-types: "npm:^1.0.0"
  checksum: 10c0/7248cc4534f9befb38c6f398b6e38efd3199f1428fc214c9cb7ed5b6e9fa7a82c0d8cdfa9bcacde62887c9a7c8c46baf5c318b2ae8f701afbccc8ad702e92dce
  languageName: node
  linkType: hard

"micromark-util-character@npm:^1.0.0":
  version: 1.2.0
  resolution: "micromark-util-character@npm:1.2.0"
  dependencies:
    micromark-util-symbol: "npm:^1.0.0"
    micromark-util-types: "npm:^1.0.0"
  checksum: 10c0/3390a675a50731b58a8e5493cd802e190427f10fa782079b455b00f6b54e406e36882df7d4a3bd32b709f7a2c3735b4912597ebc1c0a99566a8d8d0b816e2cd4
  languageName: node
  linkType: hard

"micromark-util-chunked@npm:^1.0.0":
  version: 1.1.0
  resolution: "micromark-util-chunked@npm:1.1.0"
  dependencies:
    micromark-util-symbol: "npm:^1.0.0"
  checksum: 10c0/59534cf4aaf481ed58d65478d00eae0080df9b5816673f79b5ddb0cea263e5a9ee9cbb6cc565daf1eb3c8c4ff86fc4e25d38a0577539655cda823a4249efd358
  languageName: node
  linkType: hard

"micromark-util-classify-character@npm:^1.0.0":
  version: 1.1.0
  resolution: "micromark-util-classify-character@npm:1.1.0"
  dependencies:
    micromark-util-character: "npm:^1.0.0"
    micromark-util-symbol: "npm:^1.0.0"
    micromark-util-types: "npm:^1.0.0"
  checksum: 10c0/3266453dc0fdaf584e24c9b3c91d1ed180f76b5856699c51fd2549305814fcab7ec52afb4d3e83d002a9115cd2d2b2ffdc9c0b38ed85120822bf515cc00636ec
  languageName: node
  linkType: hard

"micromark-util-combine-extensions@npm:^1.0.0":
  version: 1.1.0
  resolution: "micromark-util-combine-extensions@npm:1.1.0"
  dependencies:
    micromark-util-chunked: "npm:^1.0.0"
    micromark-util-types: "npm:^1.0.0"
  checksum: 10c0/0bc572fab3fe77f533c29aa1b75cb847b9fc9455f67a98623ef9740b925c0b0426ad9f09bbb56f1e844ea9ebada7873d1f06d27f7c979a917692b273c4b69e31
  languageName: node
  linkType: hard

"micromark-util-decode-numeric-character-reference@npm:^1.0.0":
  version: 1.1.0
  resolution: "micromark-util-decode-numeric-character-reference@npm:1.1.0"
  dependencies:
    micromark-util-symbol: "npm:^1.0.0"
  checksum: 10c0/64ef2575e3fc2426976c19e16973348f20b59ddd5543f1467ac2e251f29e0a91f12089703d29ae985b0b9a408ee0d72f06d04ed3920811aa2402aabca3bdf9e4
  languageName: node
  linkType: hard

"micromark-util-decode-string@npm:^1.0.0":
  version: 1.1.0
  resolution: "micromark-util-decode-string@npm:1.1.0"
  dependencies:
    decode-named-character-reference: "npm:^1.0.0"
    micromark-util-character: "npm:^1.0.0"
    micromark-util-decode-numeric-character-reference: "npm:^1.0.0"
    micromark-util-symbol: "npm:^1.0.0"
  checksum: 10c0/757a0aaa5ad6c50c7480bd75371d407ac75f5022cd4404aba07adadf1448189502aea9bb7b2d09d25e18745e0abf72b95506b6beb184bcccabe919e48e3a5df7
  languageName: node
  linkType: hard

"micromark-util-encode@npm:^1.0.0":
  version: 1.1.0
  resolution: "micromark-util-encode@npm:1.1.0"
  checksum: 10c0/9878c9bc96999d45626a7597fffac85348ea842dce75d2417345cbf070a9941c62477bd0963bef37d4f0fd29f2982be6ddf416d62806f00ccb334af9d6ee87e7
  languageName: node
  linkType: hard

"micromark-util-html-tag-name@npm:^1.0.0":
  version: 1.2.0
  resolution: "micromark-util-html-tag-name@npm:1.2.0"
  checksum: 10c0/15421869678d36b4fe51df453921e8186bff514a14e9f79f32b7e1cdd67874e22a66ad34a7f048dd132cbbbfc7c382ae2f777a2bfd1f245a47705dc1c6d4f199
  languageName: node
  linkType: hard

"micromark-util-normalize-identifier@npm:^1.0.0":
  version: 1.1.0
  resolution: "micromark-util-normalize-identifier@npm:1.1.0"
  dependencies:
    micromark-util-symbol: "npm:^1.0.0"
  checksum: 10c0/a9657321a2392584e4d978061882117a84db7d2c2c1c052c0f5d25da089d463edb9f956d5beaf7f5768984b6f72d046d59b5972951ec7bf25397687a62b8278a
  languageName: node
  linkType: hard

"micromark-util-resolve-all@npm:^1.0.0":
  version: 1.1.0
  resolution: "micromark-util-resolve-all@npm:1.1.0"
  dependencies:
    micromark-util-types: "npm:^1.0.0"
  checksum: 10c0/b5c95484c06e87bbbb60d8430eb030a458733a5270409f4c67892d1274737087ca6a7ca888987430e57cf1dcd44bb16390d3b3936a2bf07f7534ec8f52ce43c9
  languageName: node
  linkType: hard

"micromark-util-sanitize-uri@npm:^1.0.0, micromark-util-sanitize-uri@npm:^1.1.0":
  version: 1.2.0
  resolution: "micromark-util-sanitize-uri@npm:1.2.0"
  dependencies:
    micromark-util-character: "npm:^1.0.0"
    micromark-util-encode: "npm:^1.0.0"
    micromark-util-symbol: "npm:^1.0.0"
  checksum: 10c0/dbdb98248e9f0408c7a00f1c1cd805775b41d213defd659533835f34b38da38e8f990bf7b3f782e96bffbc549aec9c3ecdab197d4ad5adbfe08f814a70327b6e
  languageName: node
  linkType: hard

"micromark-util-subtokenize@npm:^1.0.0":
  version: 1.1.0
  resolution: "micromark-util-subtokenize@npm:1.1.0"
  dependencies:
    micromark-util-chunked: "npm:^1.0.0"
    micromark-util-symbol: "npm:^1.0.0"
    micromark-util-types: "npm:^1.0.0"
    uvu: "npm:^0.5.0"
  checksum: 10c0/f292b1b162845db50d36255c9d4c4c6d47931fbca3ac98a80c7e536d2163233fd662f8ca0479ee2b80f145c66a1394c7ed17dfce801439741211015e77e3901e
  languageName: node
  linkType: hard

"micromark-util-symbol@npm:^1.0.0":
  version: 1.1.0
  resolution: "micromark-util-symbol@npm:1.1.0"
  checksum: 10c0/10ceaed33a90e6bfd3a5d57053dbb53f437d4809cc11430b5a09479c0ba601577059be9286df4a7eae6e350a60a2575dc9fa9d9872b5b8d058c875e075c33803
  languageName: node
  linkType: hard

"micromark-util-types@npm:^1.0.0, micromark-util-types@npm:^1.0.1":
  version: 1.1.0
  resolution: "micromark-util-types@npm:1.1.0"
  checksum: 10c0/a9749cb0a12a252ff536baabcb7012421b6fad4d91a5fdd80d7b33dc7b4c22e2d0c4637dfe5b902d00247fe6c9b01f4a24fce6b572b16ccaa4da90e6ce2a11e4
  languageName: node
  linkType: hard

"micromark@npm:^3.0.0":
  version: 3.2.0
  resolution: "micromark@npm:3.2.0"
  dependencies:
    "@types/debug": "npm:^4.0.0"
    debug: "npm:^4.0.0"
    decode-named-character-reference: "npm:^1.0.0"
    micromark-core-commonmark: "npm:^1.0.1"
    micromark-factory-space: "npm:^1.0.0"
    micromark-util-character: "npm:^1.0.0"
    micromark-util-chunked: "npm:^1.0.0"
    micromark-util-combine-extensions: "npm:^1.0.0"
    micromark-util-decode-numeric-character-reference: "npm:^1.0.0"
    micromark-util-encode: "npm:^1.0.0"
    micromark-util-normalize-identifier: "npm:^1.0.0"
    micromark-util-resolve-all: "npm:^1.0.0"
    micromark-util-sanitize-uri: "npm:^1.0.0"
    micromark-util-subtokenize: "npm:^1.0.0"
    micromark-util-symbol: "npm:^1.0.0"
    micromark-util-types: "npm:^1.0.1"
    uvu: "npm:^0.5.0"
  checksum: 10c0/f243e805d1b3cc699fddae2de0b1492bc82462f1a709d7ae5c82039f88b1e009c959100184717e748be057b5f88603289d5681679a4e6fbabcd037beb34bc744
  languageName: node
  linkType: hard

"mri@npm:^1.1.0":
  version: 1.2.0
  resolution: "mri@npm:1.2.0"
  checksum: 10c0/a3d32379c2554cf7351db6237ddc18dc9e54e4214953f3da105b97dc3babe0deb3ffe99cf409b38ea47cc29f9430561ba6b53b24ab8f9ce97a4b50409e4a50e7
  languageName: node
  linkType: hard

"ms@npm:^2.1.3":
  version: 2.1.3
  resolution: "ms@npm:2.1.3"
  checksum: 10c0/d924b57e7312b3b63ad21fc5b3dc0af5e78d61a1fc7cfb5457edaf26326bf62be5307cc87ffb6862ef1c2b33b0233cdb5d4f01c4c958cc0d660948b65a287a48
  languageName: node
  linkType: hard

"nanoid@npm:^3.3.6":
  version: 3.3.11
  resolution: "nanoid@npm:3.3.11"
  bin:
    nanoid: bin/nanoid.cjs
  checksum: 10c0/40e7f70b3d15f725ca072dfc4f74e81fcf1fbb02e491cf58ac0c79093adc9b0a73b152bcde57df4b79cd097e13023d7504acb38404a4da7bc1cd8e887b82fe0b
  languageName: node
  linkType: hard

"next@npm:^13.5.6":
  version: 13.5.11
  resolution: "next@npm:13.5.11"
  dependencies:
    "@next/env": "npm:13.5.11"
    "@next/swc-darwin-arm64": "npm:13.5.9"
    "@next/swc-darwin-x64": "npm:13.5.9"
    "@next/swc-linux-arm64-gnu": "npm:13.5.9"
    "@next/swc-linux-arm64-musl": "npm:13.5.9"
    "@next/swc-linux-x64-gnu": "npm:13.5.9"
    "@next/swc-linux-x64-musl": "npm:13.5.9"
    "@next/swc-win32-arm64-msvc": "npm:13.5.9"
    "@next/swc-win32-ia32-msvc": "npm:13.5.9"
    "@next/swc-win32-x64-msvc": "npm:13.5.9"
    "@swc/helpers": "npm:0.5.2"
    busboy: "npm:1.6.0"
    caniuse-lite: "npm:^1.0.30001406"
    postcss: "npm:8.4.31"
    styled-jsx: "npm:5.1.1"
    watchpack: "npm:2.4.0"
  peerDependencies:
    "@opentelemetry/api": ^1.1.0
    react: ^18.2.0
    react-dom: ^18.2.0
    sass: ^1.3.0
  dependenciesMeta:
    "@next/swc-darwin-arm64":
      optional: true
    "@next/swc-darwin-x64":
      optional: true
    "@next/swc-linux-arm64-gnu":
      optional: true
    "@next/swc-linux-arm64-musl":
      optional: true
    "@next/swc-linux-x64-gnu":
      optional: true
    "@next/swc-linux-x64-musl":
      optional: true
    "@next/swc-win32-arm64-msvc":
      optional: true
    "@next/swc-win32-ia32-msvc":
      optional: true
    "@next/swc-win32-x64-msvc":
      optional: true
  peerDependenciesMeta:
    "@opentelemetry/api":
      optional: true
    sass:
      optional: true
  bin:
    next: dist/bin/next
  checksum: 10c0/9a95697f80e6307ea2277a4792b91499d23eb9d1708ec27166350284ed052cfee3ec239e8b9d6e354fb0b2cd1115671c5d499f6a4535b3a294e47877f682e9e5
  languageName: node
  linkType: hard

"object-assign@npm:^4.1.1":
  version: 4.1.1
  resolution: "object-assign@npm:4.1.1"
  checksum: 10c0/1f4df9945120325d041ccf7b86f31e8bcc14e73d29171e37a7903050e96b81323784ec59f93f102ec635bcf6fa8034ba3ea0a8c7e69fa202b87ae3b6cec5a414
  languageName: node
  linkType: hard

"picocolors@npm:^1.0.0":
  version: 1.1.1
  resolution: "picocolors@npm:1.1.1"
  checksum: 10c0/e2e3e8170ab9d7c7421969adaa7e1b31434f789afb9b3f115f6b96d91945041ac3ceb02e9ec6fe6510ff036bcc0bf91e69a1772edc0b707e12b19c0f2d6bcf58
  languageName: node
  linkType: hard

"postcss@npm:8.4.31":
  version: 8.4.31
  resolution: "postcss@npm:8.4.31"
  dependencies:
    nanoid: "npm:^3.3.6"
    picocolors: "npm:^1.0.0"
    source-map-js: "npm:^1.0.2"
  checksum: 10c0/748b82e6e5fc34034dcf2ae88ea3d11fd09f69b6c50ecdd3b4a875cfc7cdca435c958b211e2cb52355422ab6fccb7d8f2f2923161d7a1b281029e4a913d59acf
  languageName: node
  linkType: hard

"prop-types@npm:^15.0.0":
  version: 15.8.1
  resolution: "prop-types@npm:15.8.1"
  dependencies:
    loose-envify: "npm:^1.4.0"
    object-assign: "npm:^4.1.1"
    react-is: "npm:^16.13.1"
  checksum: 10c0/59ece7ca2fb9838031d73a48d4becb9a7cc1ed10e610517c7d8f19a1e02fa47f7c27d557d8a5702bec3cfeccddc853579832b43f449e54635803f277b1c78077
  languageName: node
  linkType: hard

"property-information@npm:^6.0.0":
  version: 6.5.0
  resolution: "property-information@npm:6.5.0"
  checksum: 10c0/981e0f9cc2e5acdb414a6fd48a99dd0fd3a4079e7a91ab41cf97a8534cf43e0e0bc1ffada6602a1b3d047a33db8b5fc2ef46d863507eda712d5ceedac443f0ef
  languageName: node
  linkType: hard

"react-dom@npm:^18.2.0":
  version: 18.3.1
  resolution: "react-dom@npm:18.3.1"
  dependencies:
    loose-envify: "npm:^1.1.0"
    scheduler: "npm:^0.23.2"
  peerDependencies:
    react: ^18.3.1
  checksum: 10c0/a752496c1941f958f2e8ac56239172296fcddce1365ce45222d04a1947e0cc5547df3e8447f855a81d6d39f008d7c32eab43db3712077f09e3f67c4874973e85
  languageName: node
  linkType: hard

"react-is@npm:^16.13.1":
  version: 16.13.1
  resolution: "react-is@npm:16.13.1"
  checksum: 10c0/33977da7a5f1a287936a0c85639fec6ca74f4f15ef1e59a6bc20338fc73dc69555381e211f7a3529b8150a1f71e4225525b41b60b52965bda53ce7d47377ada1
  languageName: node
  linkType: hard

"react-is@npm:^18.0.0":
  version: 18.3.1
  resolution: "react-is@npm:18.3.1"
  checksum: 10c0/f2f1e60010c683479e74c63f96b09fb41603527cd131a9959e2aee1e5a8b0caf270b365e5ca77d4a6b18aae659b60a86150bb3979073528877029b35aecd2072
  languageName: node
  linkType: hard

"react-markdown@npm:^8.0.7":
  version: 8.0.7
  resolution: "react-markdown@npm:8.0.7"
  dependencies:
    "@types/hast": "npm:^2.0.0"
    "@types/prop-types": "npm:^15.0.0"
    "@types/unist": "npm:^2.0.0"
    comma-separated-tokens: "npm:^2.0.0"
    hast-util-whitespace: "npm:^2.0.0"
    prop-types: "npm:^15.0.0"
    property-information: "npm:^6.0.0"
    react-is: "npm:^18.0.0"
    remark-parse: "npm:^10.0.0"
    remark-rehype: "npm:^10.0.0"
    space-separated-tokens: "npm:^2.0.0"
    style-to-object: "npm:^0.4.0"
    unified: "npm:^10.0.0"
    unist-util-visit: "npm:^4.0.0"
    vfile: "npm:^5.0.0"
  peerDependencies:
    "@types/react": ">=16"
    react: ">=16"
  checksum: 10c0/016617fbd2f4c03c5ae017fe39e89202f2ff536b4921dc1a5f7283d4b9d5157f20797adda75a8c59a06787ad0bc8841e2e437915aec645ce528e0a04a6d450ac
  languageName: node
  linkType: hard

"react@npm:^18.2.0":
  version: 18.3.1
  resolution: "react@npm:18.3.1"
  dependencies:
    loose-envify: "npm:^1.1.0"
  checksum: 10c0/283e8c5efcf37802c9d1ce767f302dd569dd97a70d9bb8c7be79a789b9902451e0d16334b05d73299b20f048cbc3c7d288bbbde10b701fa194e2089c237dbea3
  languageName: node
  linkType: hard

"remark-parse@npm:^10.0.0":
  version: 10.0.2
  resolution: "remark-parse@npm:10.0.2"
  dependencies:
    "@types/mdast": "npm:^3.0.0"
    mdast-util-from-markdown: "npm:^1.0.0"
    unified: "npm:^10.0.0"
  checksum: 10c0/30cb8f2790380b1c7370a1c66cda41f33a7dc196b9e440a00e2675037bca55aea868165a8204e0cdbacc27ef4a3bdb7d45879826bd6efa07d9fdf328cb67a332
  languageName: node
  linkType: hard

"remark-rehype@npm:^10.0.0":
  version: 10.1.0
  resolution: "remark-rehype@npm:10.1.0"
  dependencies:
    "@types/hast": "npm:^2.0.0"
    "@types/mdast": "npm:^3.0.0"
    mdast-util-to-hast: "npm:^12.1.0"
    unified: "npm:^10.0.0"
  checksum: 10c0/803e658c9b51a9b53ee2ada42ff82e8e570444bb97c873e0d602c2d8dcb69a774fd22bd6f26643dfd5ab4c181059ea6c9fb9a99a2d7f9665f3f11bef1a1489bd
  languageName: node
  linkType: hard

"sade@npm:^1.7.3":
  version: 1.8.1
  resolution: "sade@npm:1.8.1"
  dependencies:
    mri: "npm:^1.1.0"
  checksum: 10c0/da8a3a5d667ad5ce3bf6d4f054bbb9f711103e5df21003c5a5c1a8a77ce12b640ed4017dd423b13c2307ea7e645adee7c2ae3afe8051b9db16a6f6d3da3f90b1
  languageName: node
  linkType: hard

"scheduler@npm:^0.23.2":
  version: 0.23.2
  resolution: "scheduler@npm:0.23.2"
  dependencies:
    loose-envify: "npm:^1.1.0"
  checksum: 10c0/26383305e249651d4c58e6705d5f8425f153211aef95f15161c151f7b8de885f24751b377e4a0b3dd42cce09aad3f87a61dab7636859c0d89b7daf1a1e2a5c78
  languageName: node
  linkType: hard

"section-matter@npm:^1.0.0":
  version: 1.0.0
  resolution: "section-matter@npm:1.0.0"
  dependencies:
    extend-shallow: "npm:^2.0.1"
    kind-of: "npm:^6.0.0"
  checksum: 10c0/8007f91780adc5aaa781a848eaae50b0f680bbf4043b90cf8a96778195b8fab690c87fe7a989e02394ce69890e330811ec8dab22397d384673ce59f7d750641d
  languageName: node
  linkType: hard

"source-map-js@npm:^1.0.2":
  version: 1.2.1
  resolution: "source-map-js@npm:1.2.1"
  checksum: 10c0/7bda1fc4c197e3c6ff17de1b8b2c20e60af81b63a52cb32ec5a5d67a20a7d42651e2cb34ebe93833c5a2a084377e17455854fee3e21e7925c64a51b6a52b0faf
  languageName: node
  linkType: hard

"space-separated-tokens@npm:^2.0.0":
  version: 2.0.2
  resolution: "space-separated-tokens@npm:2.0.2"
  checksum: 10c0/6173e1d903dca41dcab6a2deed8b4caf61bd13b6d7af8374713500570aa929ff9414ae09a0519f4f8772df993300305a395d4871f35bc4ca72b6db57e1f30af8
  languageName: node
  linkType: hard

"sprintf-js@npm:~1.0.2":
  version: 1.0.3
  resolution: "sprintf-js@npm:1.0.3"
  checksum: 10c0/ecadcfe4c771890140da5023d43e190b7566d9cf8b2d238600f31bec0fc653f328da4450eb04bd59a431771a8e9cc0e118f0aa3974b683a4981b4e07abc2a5bb
  languageName: node
  linkType: hard

"streamsearch@npm:^1.1.0":
  version: 1.1.0
  resolution: "streamsearch@npm:1.1.0"
  checksum: 10c0/fbd9aecc2621364384d157f7e59426f4bfd385e8b424b5aaa79c83a6f5a1c8fd2e4e3289e95de1eb3511cb96bb333d6281a9919fafce760e4edb35b2cd2facab
  languageName: node
  linkType: hard

"strip-bom-string@npm:^1.0.0":
  version: 1.0.0
  resolution: "strip-bom-string@npm:1.0.0"
  checksum: 10c0/5c5717e2643225aa6a6d659d34176ab2657037f1fe2423ac6fcdb488f135e14fef1022030e426d8b4d0989e09adbd5c3288d5d3b9c632abeefd2358dfc512bca
  languageName: node
  linkType: hard

"style-to-object@npm:^0.4.0":
  version: 0.4.4
  resolution: "style-to-object@npm:0.4.4"
  dependencies:
    inline-style-parser: "npm:0.1.1"
  checksum: 10c0/3a733080da66952881175b17d65f92985cf94c1ca358a92cf21b114b1260d49b94a404ed79476047fb95698d64c7e366ca7443f0225939e2fb34c38bbc9c7639
  languageName: node
  linkType: hard

"styled-jsx@npm:5.1.1":
  version: 5.1.1
  resolution: "styled-jsx@npm:5.1.1"
  dependencies:
    client-only: "npm:0.0.1"
  peerDependencies:
    react: ">= 16.8.0 || 17.x.x || ^18.0.0-0"
  peerDependenciesMeta:
    "@babel/core":
      optional: true
    babel-plugin-macros:
      optional: true
  checksum: 10c0/42655cdadfa5388f8a48bb282d6b450df7d7b8cf066ac37038bd0499d3c9f084815ebd9ff9dfa12a218fd4441338851db79603498d7557207009c1cf4d609835
  languageName: node
  linkType: hard

"trim-lines@npm:^3.0.0":
  version: 3.0.1
  resolution: "trim-lines@npm:3.0.1"
  checksum: 10c0/3a1611fa9e52aa56a94c69951a9ea15b8aaad760eaa26c56a65330dc8adf99cb282fc07cc9d94968b7d4d88003beba220a7278bbe2063328eb23fb56f9509e94
  languageName: node
  linkType: hard

"trough@npm:^2.0.0":
  version: 2.2.0
  resolution: "trough@npm:2.2.0"
  checksum: 10c0/58b671fc970e7867a48514168894396dd94e6d9d6456aca427cc299c004fe67f35ed7172a36449086b2edde10e78a71a284ec0076809add6834fb8f857ccb9b0
  languageName: node
  linkType: hard

"tslib@npm:^2.4.0":
  version: 2.8.1
  resolution: "tslib@npm:2.8.1"
  checksum: 10c0/9c4759110a19c53f992d9aae23aac5ced636e99887b51b9e61def52611732872ff7668757d4e4c61f19691e36f4da981cd9485e869b4a7408d689f6bf1f14e62
  languageName: node
  linkType: hard

"turbo-darwin-64@npm:1.13.4":
  version: 1.13.4
  resolution: "turbo-darwin-64@npm:1.13.4"
  conditions: os=darwin & cpu=x64
  languageName: node
  linkType: hard

"turbo-darwin-arm64@npm:1.13.4":
  version: 1.13.4
  resolution: "turbo-darwin-arm64@npm:1.13.4"
  conditions: os=darwin & cpu=arm64
  languageName: node
  linkType: hard

"turbo-linux-64@npm:1.13.4":
  version: 1.13.4
  resolution: "turbo-linux-64@npm:1.13.4"
  conditions: os=linux & cpu=x64
  languageName: node
  linkType: hard

"turbo-linux-arm64@npm:1.13.4":
  version: 1.13.4
  resolution: "turbo-linux-arm64@npm:1.13.4"
  conditions: os=linux & cpu=arm64
  languageName: node
  linkType: hard

"turbo-windows-64@npm:1.13.4":
  version: 1.13.4
  resolution: "turbo-windows-64@npm:1.13.4"
  conditions: os=win32 & cpu=x64
  languageName: node
  linkType: hard

"turbo-windows-arm64@npm:1.13.4":
  version: 1.13.4
  resolution: "turbo-windows-arm64@npm:1.13.4"
  conditions: os=win32 & cpu=arm64
  languageName: node
  linkType: hard

"turbo@npm:^1.13.4":
  version: 1.13.4
  resolution: "turbo@npm:1.13.4"
  dependencies:
    turbo-darwin-64: "npm:1.13.4"
    turbo-darwin-arm64: "npm:1.13.4"
    turbo-linux-64: "npm:1.13.4"
    turbo-linux-arm64: "npm:1.13.4"
    turbo-windows-64: "npm:1.13.4"
    turbo-windows-arm64: "npm:1.13.4"
  dependenciesMeta:
    turbo-darwin-64:
      optional: true
    turbo-darwin-arm64:
      optional: true
    turbo-linux-64:
      optional: true
    turbo-linux-arm64:
      optional: true
    turbo-windows-64:
      optional: true
    turbo-windows-arm64:
      optional: true
  bin:
    turbo: bin/turbo
  checksum: 10c0/be23d926caa905f03313537128d623e8e4561bee6463a77f7e68d840f5a9e4f965d16d9ecb9e27ebcb13bfa1649a110517734efe56e96e47195cabb2dfc965c3
  languageName: node
  linkType: hard

"unified@npm:^10.0.0":
  version: 10.1.2
  resolution: "unified@npm:10.1.2"
  dependencies:
    "@types/unist": "npm:^2.0.0"
    bail: "npm:^2.0.0"
    extend: "npm:^3.0.0"
    is-buffer: "npm:^2.0.0"
    is-plain-obj: "npm:^4.0.0"
    trough: "npm:^2.0.0"
    vfile: "npm:^5.0.0"
  checksum: 10c0/da9195e3375a74ab861a65e1d7b0454225d17a61646697911eb6b3e97de41091930ed3d167eb11881d4097c51deac407091d39ddd1ee8bf1fde3f946844a17a7
  languageName: node
  linkType: hard

"unist-util-generated@npm:^2.0.0":
  version: 2.0.1
  resolution: "unist-util-generated@npm:2.0.1"
  checksum: 10c0/6f052dd47a7280785f3787f52cdfe8819e1de50317a1bcf7c9346c63268cf2cebc61a5980e7ca734a54735e27dbb73091aa0361a98504ab7f9409fb75f1b16bb
  languageName: node
  linkType: hard

"unist-util-is@npm:^5.0.0":
  version: 5.2.1
  resolution: "unist-util-is@npm:5.2.1"
  dependencies:
    "@types/unist": "npm:^2.0.0"
  checksum: 10c0/a2376910b832bb10653d2167c3cd85b3610a5fd53f5169834c08b3c3a720fae9043d75ad32d727eedfc611491966c26a9501d428ec62467edc17f270feb5410b
  languageName: node
  linkType: hard

"unist-util-position@npm:^4.0.0":
  version: 4.0.4
  resolution: "unist-util-position@npm:4.0.4"
  dependencies:
    "@types/unist": "npm:^2.0.0"
  checksum: 10c0/e506d702e25a0fb47a64502054f709a6ff5db98993bf139eec868cd11eb7de34392b781c6c2002e2c24d97aa398c14b32a47076129f36e4b894a2c1351200888
  languageName: node
  linkType: hard

"unist-util-stringify-position@npm:^3.0.0":
  version: 3.0.3
  resolution: "unist-util-stringify-position@npm:3.0.3"
  dependencies:
    "@types/unist": "npm:^2.0.0"
  checksum: 10c0/14550027825230528f6437dad7f2579a841780318569851291be6c8a970bae6f65a7feb24dabbcfce0e5e68cacae85bf12cbda3f360f7c873b4db602bdf7bb21
  languageName: node
  linkType: hard

"unist-util-visit-parents@npm:^5.1.1":
  version: 5.1.3
  resolution: "unist-util-visit-parents@npm:5.1.3"
  dependencies:
    "@types/unist": "npm:^2.0.0"
    unist-util-is: "npm:^5.0.0"
  checksum: 10c0/f6829bfd8f2eddf63a32e2c302cd50978ef0c194b792c6fe60c2b71dfd7232415a3c5941903972543e9d34e6a8ea69dee9ccd95811f4a795495ed2ae855d28d0
  languageName: node
  linkType: hard

"unist-util-visit@npm:^4.0.0":
  version: 4.1.2
  resolution: "unist-util-visit@npm:4.1.2"
  dependencies:
    "@types/unist": "npm:^2.0.0"
    unist-util-is: "npm:^5.0.0"
    unist-util-visit-parents: "npm:^5.1.1"
  checksum: 10c0/56a1f49a4d8e321e75b3c7821d540a45165a031dd06324bb0e8c75e7737bc8d73bdddbf0b0ca82000f9708a4c36861c6ebe88d01f7cf00e925f5d75f13a3a017
  languageName: node
  linkType: hard

"uvu@npm:^0.5.0":
  version: 0.5.6
  resolution: "uvu@npm:0.5.6"
  dependencies:
    dequal: "npm:^2.0.0"
    diff: "npm:^5.0.0"
    kleur: "npm:^4.0.3"
    sade: "npm:^1.7.3"
  bin:
    uvu: bin.js
  checksum: 10c0/ad32eb5f7d94bdeb71f80d073003f0138e24f61ed68cecc8e15d2f30838f44c9670577bb1775c8fac894bf93d1bc1583d470a9195e49bfa6efa14cc6f4942bff
  languageName: node
  linkType: hard

"vfile-message@npm:^3.0.0":
  version: 3.1.4
  resolution: "vfile-message@npm:3.1.4"
  dependencies:
    "@types/unist": "npm:^2.0.0"
    unist-util-stringify-position: "npm:^3.0.0"
  checksum: 10c0/c4ccf9c0ced92d657846fd067fefcf91c5832cdbe2ecc431bb67886e8c959bf7fc05a9dbbca5551bc34c9c87a0a73854b4249f65c64ddfebc4d59ea24a18b996
  languageName: node
  linkType: hard

"vfile@npm:^5.0.0":
  version: 5.3.7
  resolution: "vfile@npm:5.3.7"
  dependencies:
    "@types/unist": "npm:^2.0.0"
    is-buffer: "npm:^2.0.0"
    unist-util-stringify-position: "npm:^3.0.0"
    vfile-message: "npm:^3.0.0"
  checksum: 10c0/c36bd4c3f16ec0c6cbad0711ca99200316bbf849d6b07aa4cb5d9062cc18ae89249fe62af9521926e9659c0e6bc5c2c1da0fe26b41fb71e757438297e1a41da4
  languageName: node
  linkType: hard

"watchpack@npm:2.4.0":
  version: 2.4.0
  resolution: "watchpack@npm:2.4.0"
  dependencies:
    glob-to-regexp: "npm:^0.4.1"
    graceful-fs: "npm:^4.1.2"
  checksum: 10c0/c5e35f9fb9338d31d2141d9835643c0f49b5f9c521440bb648181059e5940d93dd8ed856aa8a33fbcdd4e121dad63c7e8c15c063cf485429cd9d427be197fe62
  languageName: node
  linkType: hard
